{
    "name": "@redhat-cloud-services/frontend-components-inventory-compliance",
    "version": "0.0.1",
    "lockfileVersion": 1,
    "requires": true,
    "dependencies": {
        "@data-driven-forms/pf4-component-mapper": {
            "version": "2.24.0",
            "resolved": "https://registry.npmjs.org/@data-driven-forms/pf4-component-mapper/-/pf4-component-mapper-2.24.0.tgz",
            "integrity": "sha512-GRReWOSGcDdLgypmbRLFSt+XJQjUcIUylMbjb8Oc2qUbOL/EqlkspKD8aRx5ViLuq9lT9CdQO+f2SBuJ8eJdrw==",
            "requires": {
                "downshift": "^5.4.3",
                "prop-types": "^15.7.2"
            }
        },
        "@data-driven-forms/react-form-renderer": {
            "version": "2.24.2",
            "resolved": "https://registry.npmjs.org/@data-driven-forms/react-form-renderer/-/react-form-renderer-2.24.2.tgz",
            "integrity": "sha512-61kb1QtvNo5QyF9KMygYp5WObb6/yUPN7w8JXc+YLqqOae0o+SjpZBfEO3pdT+7VWMtbwn5w7ZIQUgpsWftw0g==",
            "requires": {
                "final-form": "^4.20.0",
                "final-form-arrays": "^3.0.2",
                "final-form-focus": "^1.1.2",
                "lodash": "^4.17.15",
                "prop-types": "^15.7.2",
                "react-final-form": "^6.5.0",
                "react-final-form-arrays": "^3.1.1"
            },
            "dependencies": {
                "lodash": {
                    "version": "4.17.21",
                    "resolved": "https://registry.npmjs.org/lodash/-/lodash-4.17.21.tgz",
                    "integrity": "sha512-v2kDEe57lecTulaDIuNTPy3Ry4gLGJ6Z1O3vE1krgXZNrsQ+LFTGHVxVjcXPs17LhbZVGedAJv8XZ1tvj5FvSg=="
                }
            }
        },
        "@redhat-cloud-services/frontend-components": {
            "version": "3.9.27",
            "resolved": "https://registry.npmjs.org/@redhat-cloud-services/frontend-components/-/frontend-components-3.9.27.tgz",
            "integrity": "sha512-3d2cnFiWbMsBQM92tXujoXvH45YKMROB1/IVQjgNG1c1hZZTJJwEjsqG/zKAuXVrjMmF1VQ0znHRsxJsCXAncQ==",
            "requires": {
                "@redhat-cloud-services/frontend-components-utilities": "^3.2.25",
                "@redhat-cloud-services/types": "^0.0.17",
                "@scalprum/core": "^0.2.3",
                "@scalprum/react-core": "^0.2.4",
                "sanitize-html": "^2.7.2"
            }
        },
        "@redhat-cloud-services/frontend-components-notifications": {
            "version": "3.2.12",
            "resolved": "https://registry.npmjs.org/@redhat-cloud-services/frontend-components-notifications/-/frontend-components-notifications-3.2.12.tgz",
            "integrity": "sha512-z9JPGhbZMx8suQh0lVCVIAlpTrDvpYU46YTAbe3Ak3HcBETczsG1rcvT7r6hjuouQG1o6JkKI9y0+Mdke8nebg==",
            "requires": {
                "@redhat-cloud-services/frontend-components-utilities": "*",
                "redux-promise-middleware": "6.1.3"
            }
        },
        "@redhat-cloud-services/frontend-components-remediations": {
            "version": "3.2.8",
            "resolved": "https://registry.npmjs.org/@redhat-cloud-services/frontend-components-remediations/-/frontend-components-remediations-3.2.8.tgz",
            "integrity": "sha512-3rHrb8Ioh8WnJDxgBYrUuDWjeu4K/CG1GAhhIBfHgvqOlJjN8HdS+dzkpFg/C6NgG22adcO2ZZaOClalOz6LJw==",
            "requires": {
                "@data-driven-forms/pf4-component-mapper": "^2.24.0",
                "@data-driven-forms/react-form-renderer": "^2.24.2",
                "@redhat-cloud-services/frontend-components": "^3.9.12",
                "@redhat-cloud-services/frontend-components-utilities": "^3.2.25",
                "@redhat-cloud-services/host-inventory-client": "^1.0.111",
                "redux-promise-middleware": "^6.1.3",
                "urijs": "^1.19.11"
            }
        },
        "@redhat-cloud-services/frontend-components-utilities": {
            "version": "3.3.11",
            "resolved": "https://registry.npmjs.org/@redhat-cloud-services/frontend-components-utilities/-/frontend-components-utilities-3.3.11.tgz",
            "integrity": "sha512-0YiD0q3plgTte0m5V9UBUI+y5uabz2eDCem69FLUZU0oatauWWN6fIXwY3lrd7i3mh2GT021uFiYgKR16zGADQ==",
            "requires": {
                "@redhat-cloud-services/types": "^0.0.17",
                "@sentry/browser": "^5.30.0",
                "awesome-debounce-promise": "^2.1.0",
                "axios": "^0.27.2",
                "commander": "^2.20.3",
                "mkdirp": "^1.0.4",
                "react-content-loader": "^6.2.0"
            },
            "dependencies": {
                "mkdirp": {
                    "version": "1.0.4",
                    "resolved": "https://registry.npmjs.org/mkdirp/-/mkdirp-1.0.4.tgz",
                    "integrity": "sha512-vVqVZQyf3WLx2Shd0qJ9xuvqgAyKPLAiqITEtqW0oIUjzo3PePDd6fW9iFz30ef7Ysp/oiWqbhszeGWW2T6Gzw=="
                },
                "react-content-loader": {
                    "version": "6.2.0",
                    "resolved": "https://registry.npmjs.org/react-content-loader/-/react-content-loader-6.2.0.tgz",
                    "integrity": "sha512-r1dI6S+uHNLW68qraLE2njJYOuy6976PpCExuCZUcABWbfnF3FMcmuESRI8L4Bj45wnZ7n8g71hkPLzbma7/Cw=="
                }
            }
        },
        "@redhat-cloud-services/host-inventory-client": {
            "version": "1.0.116",
            "resolved": "https://registry.npmjs.org/@redhat-cloud-services/host-inventory-client/-/host-inventory-client-1.0.116.tgz",
            "integrity": "sha512-jgYqaIUYI1zhzUOTbMa3gWZWdvCwBVvAmqgRPAq72Wwtl1SvgqCClBlbodsX5edqMkIaXkkEAfXY50a9vaccoA==",
            "requires": {
                "axios": "^0.21.1"
            },
            "dependencies": {
                "axios": {
                    "version": "0.21.4",
                    "resolved": "https://registry.npmjs.org/axios/-/axios-0.21.4.tgz",
                    "integrity": "sha512-ut5vewkiu8jjGBdqpM44XxjuCjq9LAKeHVmoVfHVzy8eHgxxq8SbAVQNovDA8mVi05kP0Ea/n/UzcSHcTJQfNg==",
                    "requires": {
                        "follow-redirects": "^1.14.0"
                    }
                }
            }
        },
        "@redhat-cloud-services/types": {
            "version": "0.0.17",
            "resolved": "https://registry.npmjs.org/@redhat-cloud-services/types/-/types-0.0.17.tgz",
            "integrity": "sha512-3V9mmarS3jD5fBksMwh+XCEAMUIzqSOxDkH6OcIVu6w/gaBBOWHh34Jwn4CxKlu+WStxVV/rxm3oFGpsWqljvg=="
        },
        "@scalprum/core": {
            "version": "0.2.6",
            "resolved": "https://registry.npmjs.org/@scalprum/core/-/core-0.2.6.tgz",
            "integrity": "sha512-EXaQkQ0T6nsk4rEpYJjDchrINSQfDEK6sAhxICr2tr927FPWDo7nGNpxhPYr5/6Vpw+pcc7YAEGyjzdQUzmfqg=="
        },
        "@scalprum/react-core": {
            "version": "0.2.11",
            "resolved": "https://registry.npmjs.org/@scalprum/react-core/-/react-core-0.2.11.tgz",
            "integrity": "sha512-Cy1nJq1Im8kVf3hKjcV65PN6BEbu6TnfEHL3ecAyYAN4tlj+l02NAP6skTwkkzvrDesCVtAMUcdMO1tfoXnxOw==",
            "requires": {
                "@scalprum/core": "^0.2.6",
                "lodash": "^4.17.0"
            }
        },
        "@sentry/browser": {
            "version": "5.30.0",
            "resolved": "https://registry.npmjs.org/@sentry/browser/-/browser-5.30.0.tgz",
            "integrity": "sha512-rOb58ZNVJWh1VuMuBG1mL9r54nZqKeaIlwSlvzJfc89vyfd7n6tQ1UXMN383QBz/MS5H5z44Hy5eE+7pCrYAfw==",
            "requires": {
                "@sentry/core": "5.30.0",
                "@sentry/types": "5.30.0",
                "@sentry/utils": "5.30.0",
                "tslib": "^1.9.3"
            }
        },
        "@sentry/core": {
            "version": "5.30.0",
            "resolved": "https://registry.npmjs.org/@sentry/core/-/core-5.30.0.tgz",
            "integrity": "sha512-TmfrII8w1PQZSZgPpUESqjB+jC6MvZJZdLtE/0hZ+SrnKhW3x5WlYLvTXZpcWePYBku7rl2wn1RZu6uT0qCTeg==",
            "requires": {
                "@sentry/hub": "5.30.0",
                "@sentry/minimal": "5.30.0",
                "@sentry/types": "5.30.0",
                "@sentry/utils": "5.30.0",
                "tslib": "^1.9.3"
            }
        },
        "@sentry/hub": {
            "version": "5.30.0",
            "resolved": "https://registry.npmjs.org/@sentry/hub/-/hub-5.30.0.tgz",
            "integrity": "sha512-2tYrGnzb1gKz2EkMDQcfLrDTvmGcQPuWxLnJKXJvYTQDGLlEvi2tWz1VIHjunmOvJrB5aIQLhm+dcMRwFZDCqQ==",
            "requires": {
                "@sentry/types": "5.30.0",
                "@sentry/utils": "5.30.0",
                "tslib": "^1.9.3"
            }
        },
        "@sentry/minimal": {
            "version": "5.30.0",
            "resolved": "https://registry.npmjs.org/@sentry/minimal/-/minimal-5.30.0.tgz",
            "integrity": "sha512-BwWb/owZKtkDX+Sc4zCSTNcvZUq7YcH3uAVlmh/gtR9rmUvbzAA3ewLuB3myi4wWRAMEtny6+J/FN/x+2wn9Xw==",
            "requires": {
                "@sentry/hub": "5.30.0",
                "@sentry/types": "5.30.0",
                "tslib": "^1.9.3"
            }
        },
        "@sentry/types": {
            "version": "5.30.0",
            "resolved": "https://registry.npmjs.org/@sentry/types/-/types-5.30.0.tgz",
            "integrity": "sha512-R8xOqlSTZ+htqrfteCWU5Nk0CDN5ApUTvrlvBuiH1DyP6czDZ4ktbZB0hAgBlVcK0U+qpD3ag3Tqqpa5Q67rPw=="
        },
        "@sentry/utils": {
            "version": "5.30.0",
            "resolved": "https://registry.npmjs.org/@sentry/utils/-/utils-5.30.0.tgz",
            "integrity": "sha512-zaYmoH0NWWtvnJjC9/CBseXMtKHm/tm40sz3YfJRxeQjyzRqNQPgivpd9R/oDJCYj999mzdW382p/qi2ypjLww==",
            "requires": {
                "@sentry/types": "5.30.0",
                "tslib": "^1.9.3"
            }
        },
        "@types/debounce-promise": {
            "version": "3.1.5",
            "resolved": "https://registry.npmjs.org/@types/debounce-promise/-/debounce-promise-3.1.5.tgz",
            "integrity": "sha512-fOoAIu7qusGngVHLjZEo3pgEaaAqL9XkYHe8WCjwtBGygn+mk7WkW1xke4ZiKEr7pj3lz3jykUVOsLymZvljUw=="
        },
        "@types/node": {
            "version": "18.11.13",
            "resolved": "https://registry.npmjs.org/@types/node/-/node-18.11.13.tgz",
            "integrity": "sha512-IASpMGVcWpUsx5xBOrxMj7Bl8lqfuTY7FKAnPmu5cHkfQVWF8GulWS1jbRqA934qZL35xh5xN/+Xe/i26Bod4w=="
        },
        "@types/zen-observable": {
            "version": "0.8.3",
            "resolved": "https://registry.npmjs.org/@types/zen-observable/-/zen-observable-0.8.3.tgz",
            "integrity": "sha512-fbF6oTd4sGGy0xjHPKAt+eS2CrxJ3+6gQ3FGcBoIJR2TLAyCkCyI8JqZNy+FeON0AhVgNJoUumVoZQjBFUqHkw=="
        },
        "@wry/context": {
            "version": "0.4.4",
            "resolved": "https://registry.npmjs.org/@wry/context/-/context-0.4.4.tgz",
            "integrity": "sha512-LrKVLove/zw6h2Md/KZyWxIkFM6AoyKp71OqpH9Hiip1csjPVoD3tPxlbQUNxEnHENks3UGgNpSBCAfq9KWuag==",
            "requires": {
                "@types/node": ">=6",
                "tslib": "^1.9.3"
            }
        },
        "@wry/equality": {
            "version": "0.1.11",
            "resolved": "https://registry.npmjs.org/@wry/equality/-/equality-0.1.11.tgz",
            "integrity": "sha512-mwEVBDUVODlsQQ5dfuLUS5/Tf7jqUKyhKYHmVi4fPB6bDMOfWvUPJmKgS1Z7Za/sOI3vzWt4+O7yCiL/70MogA==",
            "requires": {
                "tslib": "^1.9.3"
            }
        },
        "apollo-boost": {
            "version": "0.1.28",
            "resolved": "https://registry.npmjs.org/apollo-boost/-/apollo-boost-0.1.28.tgz",
            "integrity": "sha512-WnOeFKyI+1FxWtIsIjqj5TC+xMxJyY1pw8e0Gyd99vKaGNNulx1+MBEy2qL3u7NiaGWj93vxu/y4r8tKNnNqyA==",
            "requires": {
                "apollo-cache": "^1.1.26",
                "apollo-cache-inmemory": "^1.4.3",
                "apollo-client": "^2.4.13",
                "apollo-link": "^1.0.6",
                "apollo-link-error": "^1.0.3",
                "apollo-link-http": "^1.3.1",
                "apollo-link-state": "^0.4.0",
                "graphql-tag": "^2.4.2",
                "tslib": "^1.9.3"
            }
        },
        "apollo-cache": {
            "version": "1.3.5",
            "resolved": "https://registry.npmjs.org/apollo-cache/-/apollo-cache-1.3.5.tgz",
            "integrity": "sha512-1XoDy8kJnyWY/i/+gLTEbYLnoiVtS8y7ikBr/IfmML4Qb+CM7dEEbIUOjnY716WqmZ/UpXIxTfJsY7rMcqiCXA==",
            "requires": {
                "apollo-utilities": "^1.3.4",
                "tslib": "^1.10.0"
            }
        },
        "apollo-cache-inmemory": {
            "version": "1.6.6",
            "resolved": "https://registry.npmjs.org/apollo-cache-inmemory/-/apollo-cache-inmemory-1.6.6.tgz",
            "integrity": "sha512-L8pToTW/+Xru2FFAhkZ1OA9q4V4nuvfoPecBM34DecAugUZEBhI2Hmpgnzq2hTKZ60LAMrlqiASm0aqAY6F8/A==",
            "requires": {
                "apollo-cache": "^1.3.5",
                "apollo-utilities": "^1.3.4",
                "optimism": "^0.10.0",
                "ts-invariant": "^0.4.0",
                "tslib": "^1.10.0"
            }
        },
        "apollo-client": {
            "version": "2.6.10",
            "resolved": "https://registry.npmjs.org/apollo-client/-/apollo-client-2.6.10.tgz",
            "integrity": "sha512-jiPlMTN6/5CjZpJOkGeUV0mb4zxx33uXWdj/xQCfAMkuNAC3HN7CvYDyMHHEzmcQ5GV12LszWoQ/VlxET24CtA==",
            "requires": {
                "@types/zen-observable": "^0.8.0",
                "apollo-cache": "1.3.5",
                "apollo-link": "^1.0.0",
                "apollo-utilities": "1.3.4",
                "symbol-observable": "^1.0.2",
                "ts-invariant": "^0.4.0",
                "tslib": "^1.10.0",
                "zen-observable": "^0.8.0"
            }
        },
        "apollo-link": {
            "version": "1.2.14",
            "resolved": "https://registry.npmjs.org/apollo-link/-/apollo-link-1.2.14.tgz",
            "integrity": "sha512-p67CMEFP7kOG1JZ0ZkYZwRDa369w5PIjtMjvrQd/HnIV8FRsHRqLqK+oAZQnFa1DDdZtOtHTi+aMIW6EatC2jg==",
            "requires": {
                "apollo-utilities": "^1.3.0",
                "ts-invariant": "^0.4.0",
                "tslib": "^1.9.3",
                "zen-observable-ts": "^0.8.21"
            }
        },
        "apollo-link-error": {
            "version": "1.1.13",
            "resolved": "https://registry.npmjs.org/apollo-link-error/-/apollo-link-error-1.1.13.tgz",
            "integrity": "sha512-jAZOOahJU6bwSqb2ZyskEK1XdgUY9nkmeclCrW7Gddh1uasHVqmoYc4CKdb0/H0Y1J9lvaXKle2Wsw/Zx1AyUg==",
            "requires": {
                "apollo-link": "^1.2.14",
                "apollo-link-http-common": "^0.2.16",
                "tslib": "^1.9.3"
            }
        },
        "apollo-link-http": {
            "version": "1.5.17",
            "resolved": "https://registry.npmjs.org/apollo-link-http/-/apollo-link-http-1.5.17.tgz",
            "integrity": "sha512-uWcqAotbwDEU/9+Dm9e1/clO7hTB2kQ/94JYcGouBVLjoKmTeJTUPQKcJGpPwUjZcSqgYicbFqQSoJIW0yrFvg==",
            "requires": {
                "apollo-link": "^1.2.14",
                "apollo-link-http-common": "^0.2.16",
                "tslib": "^1.9.3"
            }
        },
        "apollo-link-http-common": {
            "version": "0.2.16",
            "resolved": "https://registry.npmjs.org/apollo-link-http-common/-/apollo-link-http-common-0.2.16.tgz",
            "integrity": "sha512-2tIhOIrnaF4UbQHf7kjeQA/EmSorB7+HyJIIrUjJOKBgnXwuexi8aMecRlqTIDWcyVXCeqLhUnztMa6bOH/jTg==",
            "requires": {
                "apollo-link": "^1.2.14",
                "ts-invariant": "^0.4.0",
                "tslib": "^1.9.3"
            }
        },
        "apollo-link-state": {
            "version": "0.4.2",
            "resolved": "https://registry.npmjs.org/apollo-link-state/-/apollo-link-state-0.4.2.tgz",
            "integrity": "sha512-xMPcAfuiPVYXaLwC6oJFIZrKgV3GmdO31Ag2eufRoXpvT0AfJZjdaPB4450Nu9TslHRePN9A3quxNueILlQxlw==",
            "requires": {
                "apollo-utilities": "^1.0.8",
                "graphql-anywhere": "^4.1.0-alpha.0"
            }
        },
        "apollo-utilities": {
            "version": "1.3.4",
            "resolved": "https://registry.npmjs.org/apollo-utilities/-/apollo-utilities-1.3.4.tgz",
            "integrity": "sha512-pk2hiWrCXMAy2fRPwEyhvka+mqwzeP60Jr1tRYi5xru+3ko94HI9o6lK0CT33/w4RDlxWchmdhDCrvdr+pHCig==",
            "requires": {
                "@wry/equality": "^0.1.2",
                "fast-json-stable-stringify": "^2.0.0",
                "ts-invariant": "^0.4.0",
                "tslib": "^1.10.0"
            }
        },
        "asynckit": {
            "version": "0.4.0",
            "resolved": "https://registry.npmjs.org/asynckit/-/asynckit-0.4.0.tgz",
            "integrity": "sha1-x57Zf380y48robyXkLzDZkdLS3k="
        },
        "awesome-debounce-promise": {
            "version": "2.1.0",
            "resolved": "https://registry.npmjs.org/awesome-debounce-promise/-/awesome-debounce-promise-2.1.0.tgz",
            "integrity": "sha512-0Dv4j2wKk5BrNZh4jgV2HUdznaeVgEK/WTvcHhZWUElhmQ1RR+iURRoLEwICFyR0S/5VtxfcvY6gR+qSe95jNg==",
            "requires": {
                "@types/debounce-promise": "^3.1.1",
                "awesome-imperative-promise": "^1.0.1",
                "awesome-only-resolves-last-promise": "^1.0.3",
                "debounce-promise": "^3.1.0"
            }
        },
        "awesome-imperative-promise": {
            "version": "1.0.1",
            "resolved": "https://registry.npmjs.org/awesome-imperative-promise/-/awesome-imperative-promise-1.0.1.tgz",
            "integrity": "sha512-EmPr3FqbQGqlNh+WxMNcF9pO9uDQJnOC4/3rLBQNH9m4E9qI+8lbfHCmHpVAsmGqPJPKhCjJLHUQzQW/RBHRdQ=="
        },
        "awesome-only-resolves-last-promise": {
            "version": "1.0.3",
            "resolved": "https://registry.npmjs.org/awesome-only-resolves-last-promise/-/awesome-only-resolves-last-promise-1.0.3.tgz",
            "integrity": "sha512-7q4WPsYiD8Omvi/yHL314DkvsD/lM//Z2/KcU1vWk0xJotiV0GMJTgHTpWl3n90HJqpXKg7qX+VVNs5YbQyPRQ==",
            "requires": {
                "awesome-imperative-promise": "^1.0.1"
            }
        },
        "axios": {
            "version": "0.27.2",
            "resolved": "https://registry.npmjs.org/axios/-/axios-0.27.2.tgz",
            "integrity": "sha512-t+yRIyySRTp/wua5xEr+z1q60QmLq8ABsS5O9Me1AsE5dfKqgnCFzwiCZZ/cGNd1lq4/7akDWMxdhVlucjmnOQ==",
            "requires": {
                "follow-redirects": "^1.14.9",
                "form-data": "^4.0.0"
            },
            "dependencies": {
                "combined-stream": {
                    "version": "1.0.8",
                    "resolved": "https://registry.npmjs.org/combined-stream/-/combined-stream-1.0.8.tgz",
                    "integrity": "sha512-FQN4MRfuJeHf7cBbBMJFXhKSDq+2kAArBlmRBvcvFE5BB1HZKXtSFASDhdlz9zOYwxh8lDdnvmMOe/+5cdoEdg==",
                    "requires": {
                        "delayed-stream": "~1.0.0"
                    }
                },
                "form-data": {
                    "version": "4.0.0",
                    "resolved": "https://registry.npmjs.org/form-data/-/form-data-4.0.0.tgz",
                    "integrity": "sha512-ETEklSGi5t0QMZuiXoA/Q6vcnxcLQP5vdugSpuAyi6SVGi2clPPp+xgEhuMaHC+zGgn31Kd235W35f7Hykkaww==",
                    "requires": {
                        "asynckit": "^0.4.0",
                        "combined-stream": "^1.0.8",
                        "mime-types": "^2.1.12"
                    }
                }
            }
        },
        "commander": {
            "version": "2.20.3",
            "resolved": "https://registry.npmjs.org/commander/-/commander-2.20.3.tgz",
            "integrity": "sha512-GpVkmM8vF2vQUkj2LvZmD35JxeJOLCwJ9cUkugyk2nuhbv3+mJvpLYYt+0+USMxE+oj+ey/lJEnhZw75x/OMcQ=="
        },
        "compute-scroll-into-view": {
            "version": "1.0.20",
            "resolved": "https://registry.npmjs.org/compute-scroll-into-view/-/compute-scroll-into-view-1.0.20.tgz",
            "integrity": "sha512-UCB0ioiyj8CRjtrvaceBLqqhZCVP+1B8+NWQhmdsm0VXOJtobBCf1dBQmebCCo34qZmUwZfIH2MZLqNHazrfjg=="
        },
        "debounce-promise": {
            "version": "3.1.2",
            "resolved": "https://registry.npmjs.org/debounce-promise/-/debounce-promise-3.1.2.tgz",
            "integrity": "sha512-rZHcgBkbYavBeD9ej6sP56XfG53d51CD4dnaw989YX/nZ/ZJfgRx/9ePKmTNiUiyQvh4mtrMoS3OAWW+yoYtpg=="
        },
        "deepmerge": {
            "version": "4.2.2",
            "resolved": "https://registry.npmjs.org/deepmerge/-/deepmerge-4.2.2.tgz",
            "integrity": "sha512-FJ3UgI4gIl+PHZm53knsuSFpE+nESMr7M4v9QcgB7S63Kj/6WqMiFQJpBBYz1Pt+66bZpP3Q7Lye0Oo9MPKEdg=="
        },
        "delayed-stream": {
            "version": "1.0.0",
            "resolved": "https://registry.npmjs.org/delayed-stream/-/delayed-stream-1.0.0.tgz",
            "integrity": "sha1-3zrhmayt+31ECqrgsp4icrJOxhk="
        },
        "dom-serializer": {
            "version": "1.4.1",
            "resolved": "https://registry.npmjs.org/dom-serializer/-/dom-serializer-1.4.1.tgz",
            "integrity": "sha512-VHwB3KfrcOOkelEG2ZOfxqLZdfkil8PtJi4P8N2MMXucZq2yLp75ClViUlOVwyoHEDjYU433Aq+5zWP61+RGag==",
            "requires": {
                "domelementtype": "^2.0.1",
                "domhandler": "^4.2.0",
                "entities": "^2.0.0"
            }
        },
        "domelementtype": {
            "version": "2.3.0",
            "resolved": "https://registry.npmjs.org/domelementtype/-/domelementtype-2.3.0.tgz",
            "integrity": "sha512-OLETBj6w0OsagBwdXnPdN0cnMfF9opN69co+7ZrbfPGrdpPVNBUj02spi6B1N7wChLQiPn4CSH/zJvXw56gmHw=="
        },
        "domhandler": {
            "version": "4.3.1",
            "resolved": "https://registry.npmjs.org/domhandler/-/domhandler-4.3.1.tgz",
            "integrity": "sha512-GrwoxYN+uWlzO8uhUXRl0P+kHE4GtVPfYzVLcUxPL7KNdHKj66vvlhiweIHqYYXWlw+T8iLMp42Lm67ghw4WMQ==",
            "requires": {
                "domelementtype": "^2.2.0"
            }
        },
        "domutils": {
            "version": "2.8.0",
            "resolved": "https://registry.npmjs.org/domutils/-/domutils-2.8.0.tgz",
            "integrity": "sha512-w96Cjofp72M5IIhpjgobBimYEfoPjx1Vx0BSX9P30WBdZW2WIKU0T1Bd0kz2eNZ9ikjKgHbEyKx8BB6H1L3h3A==",
            "requires": {
                "dom-serializer": "^1.0.1",
                "domelementtype": "^2.2.0",
                "domhandler": "^4.2.0"
            }
        },
        "downshift": {
            "version": "5.4.7",
            "resolved": "https://registry.npmjs.org/downshift/-/downshift-5.4.7.tgz",
            "integrity": "sha512-xaH0RNqwJ5pAsyk9qBmR9XJWmg1OOWMfrhzYv0NH2NjJxn77S3zBcfClw341UfhGyKg5v+qVqg/CQzvAgBNCXQ==",
            "requires": {
                "@babel/runtime": "^7.10.2",
                "compute-scroll-into-view": "^1.0.14",
                "prop-types": "^15.7.2",
                "react-is": "^16.13.1"
            },
            "dependencies": {
                "@babel/runtime": {
                    "version": "7.20.6",
                    "resolved": "https://registry.npmjs.org/@babel/runtime/-/runtime-7.20.6.tgz",
                    "integrity": "sha512-Q+8MqP7TiHMWzSfwiJwXCjyf4GYA4Dgw3emg/7xmwsdLJOZUp+nMqcOwOzzYheuM1rhDu8FSj2l0aoMygEuXuA==",
                    "requires": {
                        "regenerator-runtime": "^0.13.11"
                    }
                },
                "react-is": {
                    "version": "16.13.1",
                    "resolved": "https://registry.npmjs.org/react-is/-/react-is-16.13.1.tgz",
                    "integrity": "sha512-24e6ynE2H+OKt4kqsOvNd8kBpV65zoxbA4BVsEOB3ARVWQki/DHzaUoC5KuON/BiccDaCCTZBuOcfZs70kR8bQ=="
                },
                "regenerator-runtime": {
                    "version": "0.13.11",
                    "resolved": "https://registry.npmjs.org/regenerator-runtime/-/regenerator-runtime-0.13.11.tgz",
                    "integrity": "sha512-kY1AZVr2Ra+t+piVaJ4gxaFaReZVH40AKNo7UCX6W+dEwBo/2oZJzqfuN1qLq1oL45o56cPaTXELwrTh8Fpggg=="
                }
            }
        },
        "entities": {
            "version": "2.2.0",
            "resolved": "https://registry.npmjs.org/entities/-/entities-2.2.0.tgz",
            "integrity": "sha512-p92if5Nz619I0w+akJrLZH0MX0Pb5DX39XOwQTtXSdQQOaYH03S1uIQp4mhOZtAXrxq4ViO67YTiLBo2638o9A=="
        },
        "fast-json-stable-stringify": {
            "version": "2.0.0",
            "resolved": "https://registry.npmjs.org/fast-json-stable-stringify/-/fast-json-stable-stringify-2.0.0.tgz",
            "integrity": "sha1-1RQsDK7msRifh9OnYREGT4bIu/I="
        },
        "final-form": {
            "version": "4.20.7",
            "resolved": "https://registry.npmjs.org/final-form/-/final-form-4.20.7.tgz",
            "integrity": "sha512-ii3X9wNfyBYFnDPunYN5jh1/HAvtOZ9aJI/TVk0MB86hZuOeYkb+W5L3icgwW9WWNztZR6MDU3En6eoZTUoFPg==",
            "requires": {
                "@babel/runtime": "^7.10.0"
            },
            "dependencies": {
                "@babel/runtime": {
                    "version": "7.20.6",
                    "resolved": "https://registry.npmjs.org/@babel/runtime/-/runtime-7.20.6.tgz",
                    "integrity": "sha512-Q+8MqP7TiHMWzSfwiJwXCjyf4GYA4Dgw3emg/7xmwsdLJOZUp+nMqcOwOzzYheuM1rhDu8FSj2l0aoMygEuXuA==",
                    "requires": {
                        "regenerator-runtime": "^0.13.11"
                    }
                },
                "regenerator-runtime": {
                    "version": "0.13.11",
                    "resolved": "https://registry.npmjs.org/regenerator-runtime/-/regenerator-runtime-0.13.11.tgz",
                    "integrity": "sha512-kY1AZVr2Ra+t+piVaJ4gxaFaReZVH40AKNo7UCX6W+dEwBo/2oZJzqfuN1qLq1oL45o56cPaTXELwrTh8Fpggg=="
                }
            }
        },
        "final-form-arrays": {
            "version": "3.0.2",
            "resolved": "https://registry.npmjs.org/final-form-arrays/-/final-form-arrays-3.0.2.tgz",
            "integrity": "sha512-TfO8aZNz3RrsZCDx8GHMQcyztDNpGxSSi9w4wpSNKlmv2PfFWVVM8P7Yj5tj4n0OWax+x5YwTLhT5BnqSlCi+w=="
        },
        "final-form-focus": {
            "version": "1.1.2",
            "resolved": "https://registry.npmjs.org/final-form-focus/-/final-form-focus-1.1.2.tgz",
            "integrity": "sha512-Gd+Bd2Ll7ijo3/sd6kJ/bwLkhc2bUJPxTON6fIqee/008EJpACWhT+zoWCm9q6NcfMcWRS+Sp5ikRX8iqdXeGQ=="
        },
        "follow-redirects": {
            "version": "1.15.2",
            "resolved": "https://registry.npmjs.org/follow-redirects/-/follow-redirects-1.15.2.tgz",
            "integrity": "sha512-VQLG33o04KaQ8uYi2tVNbdrWp1QWxNNea+nmIB4EVM28v0hmP17z7aG1+wAkNzVq4KeXTq3221ye5qTJP91JwA=="
        },
        "graphql-anywhere": {
            "version": "4.2.8",
            "resolved": "https://registry.npmjs.org/graphql-anywhere/-/graphql-anywhere-4.2.8.tgz",
            "integrity": "sha512-bKeJJoY9JyWMAiz5isKrtYUdIUBOBiXUOrA9CQgs9Drh9itFtxhWndQH4UBuYfrMticum6Oj1uQ6iSvZk94cMQ==",
            "requires": {
                "apollo-utilities": "^1.3.4",
                "ts-invariant": "^0.3.2",
                "tslib": "^2.4.0"
            },
            "dependencies": {
                "ts-invariant": {
                    "version": "0.3.3",
                    "resolved": "https://registry.npmjs.org/ts-invariant/-/ts-invariant-0.3.3.tgz",
                    "integrity": "sha512-UReOKsrJFGC9tUblgSRWo+BsVNbEd77Cl6WiV/XpMlkifXwNIJbknViCucHvVZkXSC/mcWeRnIGdY7uprcwvdQ==",
                    "requires": {
                        "tslib": "^1.9.3"
                    },
                    "dependencies": {
                        "tslib": {
                            "version": "1.14.1",
                            "resolved": "https://registry.npmjs.org/tslib/-/tslib-1.14.1.tgz",
                            "integrity": "sha512-Xni35NKzjgMrwevysHTCArtLDpPvye8zV/0E4EyYn43P7/7qvQwPh9BGkHewbMulVntbigmcT7rdX3BNo9wRJg=="
                        }
                    }
                },
                "tslib": {
                    "version": "2.4.1",
                    "resolved": "https://registry.npmjs.org/tslib/-/tslib-2.4.1.tgz",
                    "integrity": "sha512-tGyy4dAjRIEwI7BzsB0lynWgOpfqjUdq91XXAlIWD2OwKBH7oCl/GZG/HT4BOHrTlPMOASlMQ7veyTqpmRcrNA=="
                }
            }
        },
        "graphql-tag": {
            "version": "2.12.6",
            "resolved": "https://registry.npmjs.org/graphql-tag/-/graphql-tag-2.12.6.tgz",
            "integrity": "sha512-FdSNcu2QQcWnM2VNvSCCDCVS5PpPqpzgFT8+GXzqJuoDd0CBncxCY278u4mhRO7tMgo2JjgJA5aZ+nWSQ/Z+xg==",
            "requires": {
                "tslib": "^2.1.0"
            },
            "dependencies": {
                "tslib": {
                    "version": "2.4.1",
                    "resolved": "https://registry.npmjs.org/tslib/-/tslib-2.4.1.tgz",
                    "integrity": "sha512-tGyy4dAjRIEwI7BzsB0lynWgOpfqjUdq91XXAlIWD2OwKBH7oCl/GZG/HT4BOHrTlPMOASlMQ7veyTqpmRcrNA=="
                }
            }
        },
        "hoist-non-react-statics": {
            "version": "3.3.2",
            "resolved": "https://registry.npmjs.org/hoist-non-react-statics/-/hoist-non-react-statics-3.3.2.tgz",
            "integrity": "sha512-/gGivxi8JPKWNm/W0jSmzcMPpfpPLc3dY/6GxhX2hQ9iGj3aDfklV4ET7NjKpSinLpJ5vafa9iiGIEZg10SfBw==",
            "requires": {
                "react-is": "^16.7.0"
            }
        },
        "htmlparser2": {
            "version": "6.1.0",
            "resolved": "https://registry.npmjs.org/htmlparser2/-/htmlparser2-6.1.0.tgz",
            "integrity": "sha512-gyyPk6rgonLFEDGoeRgQNaEUvdJ4ktTmmUh/h2t7s+M8oPpIPxgNACWa+6ESR57kXstwqPiCut0V8NRpcwgU7A==",
            "requires": {
                "domelementtype": "^2.0.1",
                "domhandler": "^4.0.0",
                "domutils": "^2.5.2",
                "entities": "^2.0.0"
            }
        },
        "is-plain-object": {
            "version": "5.0.0",
            "resolved": "https://registry.npmjs.org/is-plain-object/-/is-plain-object-5.0.0.tgz",
            "integrity": "sha512-VRSzKkbMm5jMDoKLbltAkFQ5Qr7VDiTFGXxYFXXowVj387GeGNOCsOH6Msy00SGZ3Fp84b1Naa1psqgcCIEP5Q=="
        },
        "js-tokens": {
            "version": "4.0.0",
            "resolved": "https://registry.npmjs.org/js-tokens/-/js-tokens-4.0.0.tgz",
            "integrity": "sha512-RdJUflcE3cUzKiMqQgsCu06FPu9UdIJO0beYbPhHN4k6apgJtifcoCtT9bcxOpYBtpD2kCM6Sbzg4CausW/PKQ=="
        },
        "lodash": {
            "version": "4.17.11",
            "resolved": "https://registry.npmjs.org/lodash/-/lodash-4.17.11.tgz",
            "integrity": "sha512-cQKh8igo5QUhZ7lg38DYWAxMvjSAKG0A8wGSVimP07SIUEK2UO+arSRKbRZWtelMtN5V0Hkwh5ryOto/SshYIg=="
        },
        "lodash.isequal": {
            "version": "4.5.0",
            "resolved": "https://registry.npmjs.org/lodash.isequal/-/lodash.isequal-4.5.0.tgz",
            "integrity": "sha512-pDo3lu8Jhfjqls6GkMgpahsF9kCyayhgykjyLMNFTKWrpVdAQtYyB4muAMWozBB4ig/dtWAmsMxLEI8wuz+DYQ=="
        },
        "loose-envify": {
            "version": "1.4.0",
            "resolved": "https://registry.npmjs.org/loose-envify/-/loose-envify-1.4.0.tgz",
            "integrity": "sha512-lyuxPGr/Wfhrlem2CL/UcnUc1zcqKAImBDzukY7Y5F/yQiNdko6+fRLevlw1HgMySw7f611UIY408EtxRSoK3Q==",
            "requires": {
                "js-tokens": "^3.0.0 || ^4.0.0"
            }
        },
        "mime-db": {
            "version": "1.40.0",
            "resolved": "https://registry.npmjs.org/mime-db/-/mime-db-1.40.0.tgz",
            "integrity": "sha512-jYdeOMPy9vnxEqFRRo6ZvTZ8d9oPb+k18PKoYNYUe2stVEBPPwsln/qWzdbmaIvnhZ9v2P+CuecK+fpUfsV2mA=="
        },
        "mime-types": {
            "version": "2.1.24",
            "resolved": "https://registry.npmjs.org/mime-types/-/mime-types-2.1.24.tgz",
            "integrity": "sha512-WaFHS3MCl5fapm3oLxU4eYDw77IQM2ACcxQ9RIxfaC3ooc6PFuBMGZZsYpvoXS5D5QTWPieo1jjLdAm3TBP3cQ==",
            "requires": {
                "mime-db": "1.40.0"
            }
        },
        "nanoid": {
            "version": "3.3.4",
            "resolved": "https://registry.npmjs.org/nanoid/-/nanoid-3.3.4.tgz",
            "integrity": "sha512-MqBkQh/OHTS2egovRtLk45wEyNXwF+cokD+1YPf9u5VfJiRdAiRwB2froX5Co9Rh20xs4siNPm8naNotSD6RBw=="
        },
        "object-assign": {
            "version": "4.1.1",
            "resolved": "https://registry.npmjs.org/object-assign/-/object-assign-4.1.1.tgz",
            "integrity": "sha1-IQmtx5ZYh8/AXLvUQsrIv7s2CGM="
        },
        "optimism": {
            "version": "0.10.3",
            "resolved": "https://registry.npmjs.org/optimism/-/optimism-0.10.3.tgz",
            "integrity": "sha512-9A5pqGoQk49H6Vhjb9kPgAeeECfUDF6aIICbMDL23kDLStBn1MWk3YvcZ4xWF9CsSf6XEgvRLkXy4xof/56vVw==",
            "requires": {
                "@wry/context": "^0.4.0"
            }
        },
        "parse-srcset": {
            "version": "1.0.2",
            "resolved": "https://registry.npmjs.org/parse-srcset/-/parse-srcset-1.0.2.tgz",
            "integrity": "sha512-/2qh0lav6CmI15FzA3i/2Bzk2zCgQhGMkvhOhKNcBVQ1ldgpbfiNTVslmooUmWJcADi1f1kIeynbDRVzNlfR6Q=="
        },
        "picocolors": {
            "version": "1.0.0",
            "resolved": "https://registry.npmjs.org/picocolors/-/picocolors-1.0.0.tgz",
            "integrity": "sha512-1fygroTLlHu66zi26VoTDv8yRgm0Fccecssto+MhsZ0D/DGW2sm8E8AjW7NU5VVTRt5GxbeZ5qBuJr+HyLYkjQ=="
        },
        "postcss": {
            "version": "8.4.20",
            "resolved": "https://registry.npmjs.org/postcss/-/postcss-8.4.20.tgz",
            "integrity": "sha512-6Q04AXR1212bXr5fh03u8aAwbLxAQNGQ/Q1LNa0VfOI06ZAlhPHtQvE4OIdpj4kLThXilalPnmDSOD65DcHt+g==",
            "requires": {
                "nanoid": "^3.3.4",
                "picocolors": "^1.0.0",
                "source-map-js": "^1.0.2"
            }
        },
        "prop-types": {
            "version": "15.7.2",
            "resolved": "https://registry.npmjs.org/prop-types/-/prop-types-15.7.2.tgz",
            "integrity": "sha512-8QQikdH7//R2vurIJSutZ1smHYTcLpRWEOlHnzcWHmBYrOGUysKwSsrC89BCiFj3CbrfJ/nXFdJepOVrY1GCHQ==",
            "requires": {
                "loose-envify": "^1.4.0",
                "object-assign": "^4.1.1",
                "react-is": "^16.8.1"
            }
        },
        "react-apollo": {
            "version": "2.5.8",
            "resolved": "https://registry.npmjs.org/react-apollo/-/react-apollo-2.5.8.tgz",
            "integrity": "sha512-60yOQrnNosxU/tRbOxGDaYNLFcOKmQqxHPhxyvKTlGIaF/rRCXQRKixUgWVffpEupSHHD7psY5k5ZOuZsdsSGQ==",
            "requires": {
                "apollo-utilities": "^1.3.0",
                "fast-json-stable-stringify": "^2.0.0",
                "hoist-non-react-statics": "^3.3.0",
                "lodash.isequal": "^4.5.0",
                "prop-types": "^15.7.2",
                "ts-invariant": "^0.4.2",
                "tslib": "^1.9.3"
            }
        },
        "react-final-form": {
            "version": "6.5.9",
            "resolved": "https://registry.npmjs.org/react-final-form/-/react-final-form-6.5.9.tgz",
            "integrity": "sha512-x3XYvozolECp3nIjly+4QqxdjSSWfcnpGEL5K8OBT6xmGrq5kBqbA6+/tOqoom9NwqIPPbxPNsOViFlbKgowbA==",
            "requires": {
                "@babel/runtime": "^7.15.4"
            },
            "dependencies": {
                "@babel/runtime": {
                    "version": "7.20.6",
                    "resolved": "https://registry.npmjs.org/@babel/runtime/-/runtime-7.20.6.tgz",
                    "integrity": "sha512-Q+8MqP7TiHMWzSfwiJwXCjyf4GYA4Dgw3emg/7xmwsdLJOZUp+nMqcOwOzzYheuM1rhDu8FSj2l0aoMygEuXuA==",
                    "requires": {
                        "regenerator-runtime": "^0.13.11"
                    }
                },
                "regenerator-runtime": {
                    "version": "0.13.11",
                    "resolved": "https://registry.npmjs.org/regenerator-runtime/-/regenerator-runtime-0.13.11.tgz",
                    "integrity": "sha512-kY1AZVr2Ra+t+piVaJ4gxaFaReZVH40AKNo7UCX6W+dEwBo/2oZJzqfuN1qLq1oL45o56cPaTXELwrTh8Fpggg=="
                }
            }
        },
        "react-final-form-arrays": {
            "version": "3.1.4",
            "resolved": "https://registry.npmjs.org/react-final-form-arrays/-/react-final-form-arrays-3.1.4.tgz",
            "integrity": "sha512-siVFAolUAe29rMR6u8VwepoysUcUdh6MLV2OWnCtKpsPRUdT9VUgECjAPaVMAH2GROZNiVB9On1H9MMrm9gdpg==",
            "requires": {
                "@babel/runtime": "^7.19.4"
            },
            "dependencies": {
                "@babel/runtime": {
                    "version": "7.20.6",
                    "resolved": "https://registry.npmjs.org/@babel/runtime/-/runtime-7.20.6.tgz",
                    "integrity": "sha512-Q+8MqP7TiHMWzSfwiJwXCjyf4GYA4Dgw3emg/7xmwsdLJOZUp+nMqcOwOzzYheuM1rhDu8FSj2l0aoMygEuXuA==",
                    "requires": {
                        "regenerator-runtime": "^0.13.11"
                    }
                },
                "regenerator-runtime": {
                    "version": "0.13.11",
                    "resolved": "https://registry.npmjs.org/regenerator-runtime/-/regenerator-runtime-0.13.11.tgz",
                    "integrity": "sha512-kY1AZVr2Ra+t+piVaJ4gxaFaReZVH40AKNo7UCX6W+dEwBo/2oZJzqfuN1qLq1oL45o56cPaTXELwrTh8Fpggg=="
                }
            }
        },
        "react-is": {
            "version": "16.8.6",
            "resolved": "https://registry.npmjs.org/react-is/-/react-is-16.8.6.tgz",
            "integrity": "sha512-aUk3bHfZ2bRSVFFbbeVS4i+lNPZr3/WM5jT2J5omUVV1zzcs1nAaf3l51ctA5FFvCRbhrH0bdAsRRQddFJZPtA=="
        },
        "react-truncate": {
            "version": "2.4.0",
            "resolved": "https://registry.npmjs.org/react-truncate/-/react-truncate-2.4.0.tgz",
            "integrity": "sha512-3QW11/COYwi6iPUaunUhl06DW5NJBJD1WkmxW5YxqqUu6kvP+msB3jfoLg8WRbu57JqgebjVW8Lknw6T5/QZdA=="
        },
        "redux-promise-middleware": {
            "version": "6.1.3",
            "resolved": "https://registry.npmjs.org/redux-promise-middleware/-/redux-promise-middleware-6.1.3.tgz",
            "integrity": "sha512-B/Hi5Ct5d9y5d/KG0f6MZUXKA0nrQh5583mHCx13HY3Avte8KfpoRH/TB5QT6k/FcjT6JCxjv7jedymidy2A1A=="
        },
        "sanitize-html": {
            "version": "2.7.3",
            "resolved": "https://registry.npmjs.org/sanitize-html/-/sanitize-html-2.7.3.tgz",
            "integrity": "sha512-jMaHG29ak4miiJ8wgqA1849iInqORgNv7SLfSw9LtfOhEUQ1C0YHKH73R+hgyufBW9ZFeJrb057k9hjlfBCVlw==",
            "requires": {
                "deepmerge": "^4.2.2",
                "escape-string-regexp": "^4.0.0",
                "htmlparser2": "^6.0.0",
                "is-plain-object": "^5.0.0",
                "parse-srcset": "^1.0.2",
                "postcss": "^8.3.11"
            },
            "dependencies": {
                "escape-string-regexp": {
                    "version": "4.0.0",
                    "resolved": "https://registry.npmjs.org/escape-string-regexp/-/escape-string-regexp-4.0.0.tgz",
                    "integrity": "sha512-TtpcNJ3XAzx3Gq8sWRzJaVajRs0uVxA2YAkdb1jm2YkPz4G6egUFAyA3n5vtEIZefPk5Wa4UXbKuS5fKkJWdgA=="
                }
            }
        },
        "source-map-js": {
            "version": "1.0.2",
            "resolved": "https://registry.npmjs.org/source-map-js/-/source-map-js-1.0.2.tgz",
            "integrity": "sha512-R0XvVJ9WusLiqTCEiGCmICCMplcCkIwwR11mOSD9CR5u+IXYdiseeEuXCVAjS54zqwkLcPNnmU4OeJ6tUrWhDw=="
        },
        "symbol-observable": {
            "version": "1.2.0",
            "resolved": "https://registry.npmjs.org/symbol-observable/-/symbol-observable-1.2.0.tgz",
            "integrity": "sha512-e900nM8RRtGhlV36KGEU9k65K3mPb1WV70OdjfxlG2EAuM1noi/E/BaW/uMhL7bPEssK8QV57vN3esixjUvcXQ=="
        },
        "ts-invariant": {
            "version": "0.4.4",
            "resolved": "https://registry.npmjs.org/ts-invariant/-/ts-invariant-0.4.4.tgz",
            "integrity": "sha512-uEtWkFM/sdZvRNNDL3Ehu4WVpwaulhwQszV8mrtcdeE8nN00BV9mAmQ88RkrBhFgl9gMgvjJLAQcZbnPXI9mlA==",
            "requires": {
                "tslib": "^1.9.3"
            }
        },
        "tslib": {
            "version": "1.14.1",
            "resolved": "https://registry.npmjs.org/tslib/-/tslib-1.14.1.tgz",
            "integrity": "sha512-Xni35NKzjgMrwevysHTCArtLDpPvye8zV/0E4EyYn43P7/7qvQwPh9BGkHewbMulVntbigmcT7rdX3BNo9wRJg=="
        },
        "urijs": {
            "version": "1.19.11",
            "resolved": "https://registry.npmjs.org/urijs/-/urijs-1.19.11.tgz",
            "integrity": "sha512-HXgFDgDommxn5/bIv0cnQZsPhHDA90NPHD6+c/v21U5+Sx5hoP8+dP9IZXBU1gIfvdRfhG8cel9QNPeionfcCQ=="
        },
        "zen-observable": {
            "version": "0.8.15",
            "resolved": "https://registry.npmjs.org/zen-observable/-/zen-observable-0.8.15.tgz",
            "integrity": "sha512-PQ2PC7R9rslx84ndNBZB/Dkv8V8fZEpk83RLgXtYd0fwUgEjseMn1Dgajh2x6S8QbZAFa9p2qVCEuYZNgve0dQ=="
        },
        "zen-observable-ts": {
            "version": "0.8.21",
            "resolved": "https://registry.npmjs.org/zen-observable-ts/-/zen-observable-ts-0.8.21.tgz",
            "integrity": "sha512-Yj3yXweRc8LdRMrCC8nIc4kkjWecPAUVh0TI0OUrWXx6aX790vLcDlWca6I4vsyCGH3LpWxq0dJRcMOFoVqmeg==",
            "requires": {
                "tslib": "^1.9.3",
                "zen-observable": "^0.8.0"
            }
        }
    }
}
